
Microsoft Visual Studio Solution File, Format Version 12.00
# Visual Studio 2012
Project("{E24C65DC-7377-472B-9ABA-BC803B73C61A}") = "ArcGIS Server for Administrators", "..\..\..\..\Development\Projects\ArcGIS Server for Administrators\", "{B1ADBF43-1F86-4EEB-914F-F3DF436960A0}"
	ProjectSection(WebsiteProperties) = preProject
		TargetFrameworkMoniker = ".NETFramework,Version%3Dv2.0"
		Debug.AspNetCompiler.VirtualPath = "/ArcGIS Server for Administrators"
		Debug.AspNetCompiler.PhysicalPath = "..\..\..\..\Development\Projects\ArcGIS Server for Administrators\"
		Debug.AspNetCompiler.TargetPath = "PrecompiledWeb\ArcGIS Server for Administrators\"
		Debug.AspNetCompiler.Updateable = "true"
		Debug.AspNetCompiler.ForceOverwrite = "true"
		Debug.AspNetCompiler.FixedNames = "false"
		Debug.AspNetCompiler.Debug = "True"
		Release.AspNetCompiler.VirtualPath = "/ArcGIS Server for Administrators"
		Release.AspNetCompiler.PhysicalPath = "..\..\..\..\Development\Projects\ArcGIS Server for Administrators\"
		Release.AspNetCompiler.TargetPath = "PrecompiledWeb\ArcGIS Server for Administrators\"
		Release.AspNetCompiler.Updateable = "true"
		Release.AspNetCompiler.ForceOverwrite = "true"
		Release.AspNetCompiler.FixedNames = "false"
		Release.AspNetCompiler.Debug = "False"
		VWDPort = "60123"
	EndProjectSection
EndProject
Global
	GlobalSection(SolutionConfigurationPlatforms) = preSolution
		Debug|Any CPU = Debug|Any CPU
	EndGlobalSection
	GlobalSection(ProjectConfigurationPlatforms) = postSolution
		{B1ADBF43-1F86-4EEB-914F-F3DF436960A0}.Debug|Any CPU.ActiveCfg = Debug|Any CPU
		{B1ADBF43-1F86-4EEB-914F-F3DF436960A0}.Debug|Any CPU.Build.0 = Debug|Any CPU
	EndGlobalSection
	GlobalSection(SolutionProperties) = preSolution
		HideSolutionNode = FALSE
	EndGlobalSection
EndGlobal
